
Microsoft Visual Studio Solution File, Format Version 12.00
# Visual Studio Version 16
VisualStudioVersion = 16.0.30803.129
MinimumVisualStudioVersion = 10.0.40219.1
Project("{9A19103F-16F7-4668-BE54-9A1E7A4F7556}") = "GearboxWindowsGui", "GearboxWindowsGui\GearboxWindowsGui.csproj", "{8EBF2ED9-CF2D-437E-B4EE-86CA6295EDC0}"
EndProject
Project("{9A19103F-16F7-4668-BE54-9A1E7A4F7556}") = "Gearbox", "..\Gearbox\Gearbox.csproj", "{F2F4157A-F26A-43D6-B3F8-7ABE0DB508EF}"
EndProject
Global
	GlobalSection(SolutionConfigurationPlatforms) = preSolution
		Debug|Any CPU = Debug|Any CPU
		Release|Any CPU = Release|Any CPU
	EndGlobalSection
	GlobalSection(ProjectConfigurationPlatforms) = postSolution
		{8EBF2ED9-CF2D-437E-B4EE-86CA6295EDC0}.Debug|Any CPU.ActiveCfg = Debug|Any CPU
		{8EBF2ED9-CF2D-437E-B4EE-86CA6295EDC0}.Debug|Any CPU.Build.0 = Debug|Any CPU
		{8EBF2ED9-CF2D-437E-B4EE-86CA6295EDC0}.Release|Any CPU.ActiveCfg = Release|Any CPU
		{8EBF2ED9-CF2D-437E-B4EE-86CA6295EDC0}.Release|Any CPU.Build.0 = Release|Any CPU
		{F2F4157A-F26A-43D6-B3F8-7ABE0DB508EF}.Debug|Any CPU.ActiveCfg = Debug|Any CPU
		{F2F4157A-F26A-43D6-B3F8-7ABE0DB508EF}.Debug|Any CPU.Build.0 = Debug|Any CPU
		{F2F4157A-F26A-43D6-B3F8-7ABE0DB508EF}.Release|Any CPU.ActiveCfg = Release|Any CPU
		{F2F4157A-F26A-43D6-B3F8-7ABE0DB508EF}.Release|Any CPU.Build.0 = Release|Any CPU
	EndGlobalSection
	GlobalSection(SolutionProperties) = preSolution
		HideSolutionNode = FALSE
	EndGlobalSection
	GlobalSection(ExtensibilityGlobals) = postSolution
		SolutionGuid = {C60F7BF4-E087-4F63-A264-7BF967AB681A}
	EndGlobalSection
EndGlobal
