
Microsoft Visual Studio Solution File, Format Version 12.00
# Visual Studio Version 16
VisualStudioVersion = 16.0.30717.126
MinimumVisualStudioVersion = 15.0.26124.0
Project("{9A19103F-16F7-4668-BE54-9A1E7A4F7556}") = "Gearbox", "Gearbox\Gearbox.csproj", "{AC6AD24B-F8FC-42D9-9187-63AE6419B0F7}"
EndProject
Project("{9A19103F-16F7-4668-BE54-9A1E7A4F7556}") = "BoardTest", "BoardTest\BoardTest.csproj", "{03C27204-3C73-4415-B941-9F218CA11D68}"
EndProject
Project("{FAE04EC0-301F-11D3-BF4B-00C04F79EFBC}") = "GearboxUci", "GearboxUci\GearboxUci.csproj", "{AECDE206-DCD3-453F-9EC6-FA6D5AA7E780}"
EndProject
Project("{FAE04EC0-301F-11D3-BF4B-00C04F79EFBC}") = "PossibleMates", "PossibleMates\PossibleMates.csproj", "{007A398A-1E17-4920-A083-55F419D3313E}"
EndProject
Project("{FAE04EC0-301F-11D3-BF4B-00C04F79EFBC}") = "EndgameTableGen", "EndgameTableGen\EndgameTableGen.csproj", "{33700622-8462-4C3B-B866-D35CFAF3BE54}"
EndProject
Project("{FAE04EC0-301F-11D3-BF4B-00C04F79EFBC}") = "Evolve", "Evolve\Evolve.csproj", "{B92248BA-F0DA-4586-9175-B44B303F4AB5}"
EndProject
Global
	GlobalSection(SolutionConfigurationPlatforms) = preSolution
		Debug|Any CPU = Debug|Any CPU
		Debug|x64 = Debug|x64
		Debug|x86 = Debug|x86
		Release|Any CPU = Release|Any CPU
		Release|x64 = Release|x64
		Release|x86 = Release|x86
	EndGlobalSection
	GlobalSection(ProjectConfigurationPlatforms) = postSolution
		{AC6AD24B-F8FC-42D9-9187-63AE6419B0F7}.Debug|Any CPU.ActiveCfg = Debug|Any CPU
		{AC6AD24B-F8FC-42D9-9187-63AE6419B0F7}.Debug|Any CPU.Build.0 = Debug|Any CPU
		{AC6AD24B-F8FC-42D9-9187-63AE6419B0F7}.Debug|x64.ActiveCfg = Debug|Any CPU
		{AC6AD24B-F8FC-42D9-9187-63AE6419B0F7}.Debug|x64.Build.0 = Debug|Any CPU
		{AC6AD24B-F8FC-42D9-9187-63AE6419B0F7}.Debug|x86.ActiveCfg = Debug|Any CPU
		{AC6AD24B-F8FC-42D9-9187-63AE6419B0F7}.Debug|x86.Build.0 = Debug|Any CPU
		{AC6AD24B-F8FC-42D9-9187-63AE6419B0F7}.Release|Any CPU.ActiveCfg = Release|Any CPU
		{AC6AD24B-F8FC-42D9-9187-63AE6419B0F7}.Release|Any CPU.Build.0 = Release|Any CPU
		{AC6AD24B-F8FC-42D9-9187-63AE6419B0F7}.Release|x64.ActiveCfg = Release|Any CPU
		{AC6AD24B-F8FC-42D9-9187-63AE6419B0F7}.Release|x64.Build.0 = Release|Any CPU
		{AC6AD24B-F8FC-42D9-9187-63AE6419B0F7}.Release|x86.ActiveCfg = Release|Any CPU
		{AC6AD24B-F8FC-42D9-9187-63AE6419B0F7}.Release|x86.Build.0 = Release|Any CPU
		{03C27204-3C73-4415-B941-9F218CA11D68}.Debug|Any CPU.ActiveCfg = Debug|Any CPU
		{03C27204-3C73-4415-B941-9F218CA11D68}.Debug|Any CPU.Build.0 = Debug|Any CPU
		{03C27204-3C73-4415-B941-9F218CA11D68}.Debug|x64.ActiveCfg = Debug|Any CPU
		{03C27204-3C73-4415-B941-9F218CA11D68}.Debug|x64.Build.0 = Debug|Any CPU
		{03C27204-3C73-4415-B941-9F218CA11D68}.Debug|x86.ActiveCfg = Debug|Any CPU
		{03C27204-3C73-4415-B941-9F218CA11D68}.Debug|x86.Build.0 = Debug|Any CPU
		{03C27204-3C73-4415-B941-9F218CA11D68}.Release|Any CPU.ActiveCfg = Release|Any CPU
		{03C27204-3C73-4415-B941-9F218CA11D68}.Release|Any CPU.Build.0 = Release|Any CPU
		{03C27204-3C73-4415-B941-9F218CA11D68}.Release|x64.ActiveCfg = Release|Any CPU
		{03C27204-3C73-4415-B941-9F218CA11D68}.Release|x64.Build.0 = Release|Any CPU
		{03C27204-3C73-4415-B941-9F218CA11D68}.Release|x86.ActiveCfg = Release|Any CPU
		{03C27204-3C73-4415-B941-9F218CA11D68}.Release|x86.Build.0 = Release|Any CPU
		{AECDE206-DCD3-453F-9EC6-FA6D5AA7E780}.Debug|Any CPU.ActiveCfg = Debug|Any CPU
		{AECDE206-DCD3-453F-9EC6-FA6D5AA7E780}.Debug|Any CPU.Build.0 = Debug|Any CPU
		{AECDE206-DCD3-453F-9EC6-FA6D5AA7E780}.Debug|x64.ActiveCfg = Debug|Any CPU
		{AECDE206-DCD3-453F-9EC6-FA6D5AA7E780}.Debug|x64.Build.0 = Debug|Any CPU
		{AECDE206-DCD3-453F-9EC6-FA6D5AA7E780}.Debug|x86.ActiveCfg = Debug|Any CPU
		{AECDE206-DCD3-453F-9EC6-FA6D5AA7E780}.Debug|x86.Build.0 = Debug|Any CPU
		{AECDE206-DCD3-453F-9EC6-FA6D5AA7E780}.Release|Any CPU.ActiveCfg = Release|Any CPU
		{AECDE206-DCD3-453F-9EC6-FA6D5AA7E780}.Release|Any CPU.Build.0 = Release|Any CPU
		{AECDE206-DCD3-453F-9EC6-FA6D5AA7E780}.Release|x64.ActiveCfg = Release|Any CPU
		{AECDE206-DCD3-453F-9EC6-FA6D5AA7E780}.Release|x64.Build.0 = Release|Any CPU
		{AECDE206-DCD3-453F-9EC6-FA6D5AA7E780}.Release|x86.ActiveCfg = Release|Any CPU
		{AECDE206-DCD3-453F-9EC6-FA6D5AA7E780}.Release|x86.Build.0 = Release|Any CPU
		{007A398A-1E17-4920-A083-55F419D3313E}.Debug|Any CPU.ActiveCfg = Debug|Any CPU
		{007A398A-1E17-4920-A083-55F419D3313E}.Debug|Any CPU.Build.0 = Debug|Any CPU
		{007A398A-1E17-4920-A083-55F419D3313E}.Debug|x64.ActiveCfg = Debug|Any CPU
		{007A398A-1E17-4920-A083-55F419D3313E}.Debug|x64.Build.0 = Debug|Any CPU
		{007A398A-1E17-4920-A083-55F419D3313E}.Debug|x86.ActiveCfg = Debug|Any CPU
		{007A398A-1E17-4920-A083-55F419D3313E}.Debug|x86.Build.0 = Debug|Any CPU
		{007A398A-1E17-4920-A083-55F419D3313E}.Release|Any CPU.ActiveCfg = Release|Any CPU
		{007A398A-1E17-4920-A083-55F419D3313E}.Release|Any CPU.Build.0 = Release|Any CPU
		{007A398A-1E17-4920-A083-55F419D3313E}.Release|x64.ActiveCfg = Release|Any CPU
		{007A398A-1E17-4920-A083-55F419D3313E}.Release|x64.Build.0 = Release|Any CPU
		{007A398A-1E17-4920-A083-55F419D3313E}.Release|x86.ActiveCfg = Release|Any CPU
		{007A398A-1E17-4920-A083-55F419D3313E}.Release|x86.Build.0 = Release|Any CPU
		{33700622-8462-4C3B-B866-D35CFAF3BE54}.Debug|Any CPU.ActiveCfg = Debug|Any CPU
		{33700622-8462-4C3B-B866-D35CFAF3BE54}.Debug|Any CPU.Build.0 = Debug|Any CPU
		{33700622-8462-4C3B-B866-D35CFAF3BE54}.Debug|x64.ActiveCfg = Debug|Any CPU
		{33700622-8462-4C3B-B866-D35CFAF3BE54}.Debug|x64.Build.0 = Debug|Any CPU
		{33700622-8462-4C3B-B866-D35CFAF3BE54}.Debug|x86.ActiveCfg = Debug|Any CPU
		{33700622-8462-4C3B-B866-D35CFAF3BE54}.Debug|x86.Build.0 = Debug|Any CPU
		{33700622-8462-4C3B-B866-D35CFAF3BE54}.Release|Any CPU.ActiveCfg = Release|Any CPU
		{33700622-8462-4C3B-B866-D35CFAF3BE54}.Release|Any CPU.Build.0 = Release|Any CPU
		{33700622-8462-4C3B-B866-D35CFAF3BE54}.Release|x64.ActiveCfg = Release|Any CPU
		{33700622-8462-4C3B-B866-D35CFAF3BE54}.Release|x64.Build.0 = Release|Any CPU
		{33700622-8462-4C3B-B866-D35CFAF3BE54}.Release|x86.ActiveCfg = Release|Any CPU
		{33700622-8462-4C3B-B866-D35CFAF3BE54}.Release|x86.Build.0 = Release|Any CPU
		{B92248BA-F0DA-4586-9175-B44B303F4AB5}.Debug|Any CPU.ActiveCfg = Debug|Any CPU
		{B92248BA-F0DA-4586-9175-B44B303F4AB5}.Debug|Any CPU.Build.0 = Debug|Any CPU
		{B92248BA-F0DA-4586-9175-B44B303F4AB5}.Debug|x64.ActiveCfg = Debug|Any CPU
		{B92248BA-F0DA-4586-9175-B44B303F4AB5}.Debug|x64.Build.0 = Debug|Any CPU
		{B92248BA-F0DA-4586-9175-B44B303F4AB5}.Debug|x86.ActiveCfg = Debug|Any CPU
		{B92248BA-F0DA-4586-9175-B44B303F4AB5}.Debug|x86.Build.0 = Debug|Any CPU
		{B92248BA-F0DA-4586-9175-B44B303F4AB5}.Release|Any CPU.ActiveCfg = Release|Any CPU
		{B92248BA-F0DA-4586-9175-B44B303F4AB5}.Release|Any CPU.Build.0 = Release|Any CPU
		{B92248BA-F0DA-4586-9175-B44B303F4AB5}.Release|x64.ActiveCfg = Release|Any CPU
		{B92248BA-F0DA-4586-9175-B44B303F4AB5}.Release|x64.Build.0 = Release|Any CPU
		{B92248BA-F0DA-4586-9175-B44B303F4AB5}.Release|x86.ActiveCfg = Release|Any CPU
		{B92248BA-F0DA-4586-9175-B44B303F4AB5}.Release|x86.Build.0 = Release|Any CPU
	EndGlobalSection
	GlobalSection(SolutionProperties) = preSolution
		HideSolutionNode = FALSE
	EndGlobalSection
	GlobalSection(ExtensibilityGlobals) = postSolution
		SolutionGuid = {5317BC6F-E9C3-4FA5-8387-877939E74791}
	EndGlobalSection
EndGlobal
